
Microsoft Visual Studio Solution File, Format Version 12.00
# Visual Studio Version 17
VisualStudioVersion = 17.10.35013.160
MinimumVisualStudioVersion = 10.0.40219.1
Project("{9A19103F-16F7-4668-BE54-9A1E7A4F7556}") = "BlazorMenu", "BlazorMenu\BlazorMenu.csproj", "{E5D009FA-62D6-4FDB-83CF-4879EE7F83F9}"
EndProject
Project("{2150E333-8FDC-42A3-9474-1A3956D46DE8}") = "Projects", "Projects", "{82F3C6DA-7958-4ACC-AA0E-5E3A211162F5}"
EndProject
Project("{9A19103F-16F7-4668-BE54-9A1E7A4F7556}") = "GSM00100FrontResources", "Projects\GSM00100FrontResources\GSM00100FrontResources.csproj", "{EC0DF866-4759-4193-A4C7-9F88831CF1C9}"
EndProject
Project("{9A19103F-16F7-4668-BE54-9A1E7A4F7556}") = "GSM00100Common", "Projects\GSM00100Common\GSM00100Common.csproj", "{979C815C-D3FC-459E-8DE2-8FE7DE47F58E}"
EndProject
Project("{9A19103F-16F7-4668-BE54-9A1E7A4F7556}") = "GSM00100Model", "Projects\GSM00100Model\GSM00100Model.csproj", "{D16566B0-CF10-4927-A73C-5C92E231B1DA}"
EndProject
Project("{9A19103F-16F7-4668-BE54-9A1E7A4F7556}") = "GSM00100Front", "Projects\GSM00100Front\GSM00100Front.csproj", "{370186D2-2BE6-4DA3-A079-D43C39CA9A87}"
EndProject
Global
	GlobalSection(SolutionConfigurationPlatforms) = preSolution
		Debug|Any CPU = Debug|Any CPU
		Release|Any CPU = Release|Any CPU
	EndGlobalSection
	GlobalSection(ProjectConfigurationPlatforms) = postSolution
		{E5D009FA-62D6-4FDB-83CF-4879EE7F83F9}.Debug|Any CPU.ActiveCfg = Debug|Any CPU
		{E5D009FA-62D6-4FDB-83CF-4879EE7F83F9}.Debug|Any CPU.Build.0 = Debug|Any CPU
		{E5D009FA-62D6-4FDB-83CF-4879EE7F83F9}.Release|Any CPU.ActiveCfg = Release|Any CPU
		{E5D009FA-62D6-4FDB-83CF-4879EE7F83F9}.Release|Any CPU.Build.0 = Release|Any CPU
		{EC0DF866-4759-4193-A4C7-9F88831CF1C9}.Debug|Any CPU.ActiveCfg = Debug|Any CPU
		{EC0DF866-4759-4193-A4C7-9F88831CF1C9}.Debug|Any CPU.Build.0 = Debug|Any CPU
		{EC0DF866-4759-4193-A4C7-9F88831CF1C9}.Release|Any CPU.ActiveCfg = Release|Any CPU
		{EC0DF866-4759-4193-A4C7-9F88831CF1C9}.Release|Any CPU.Build.0 = Release|Any CPU
		{979C815C-D3FC-459E-8DE2-8FE7DE47F58E}.Debug|Any CPU.ActiveCfg = Debug|Any CPU
		{979C815C-D3FC-459E-8DE2-8FE7DE47F58E}.Debug|Any CPU.Build.0 = Debug|Any CPU
		{979C815C-D3FC-459E-8DE2-8FE7DE47F58E}.Release|Any CPU.ActiveCfg = Release|Any CPU
		{979C815C-D3FC-459E-8DE2-8FE7DE47F58E}.Release|Any CPU.Build.0 = Release|Any CPU
		{D16566B0-CF10-4927-A73C-5C92E231B1DA}.Debug|Any CPU.ActiveCfg = Debug|Any CPU
		{D16566B0-CF10-4927-A73C-5C92E231B1DA}.Debug|Any CPU.Build.0 = Debug|Any CPU
		{D16566B0-CF10-4927-A73C-5C92E231B1DA}.Release|Any CPU.ActiveCfg = Release|Any CPU
		{D16566B0-CF10-4927-A73C-5C92E231B1DA}.Release|Any CPU.Build.0 = Release|Any CPU
		{370186D2-2BE6-4DA3-A079-D43C39CA9A87}.Debug|Any CPU.ActiveCfg = Debug|Any CPU
		{370186D2-2BE6-4DA3-A079-D43C39CA9A87}.Debug|Any CPU.Build.0 = Debug|Any CPU
		{370186D2-2BE6-4DA3-A079-D43C39CA9A87}.Release|Any CPU.ActiveCfg = Release|Any CPU
		{370186D2-2BE6-4DA3-A079-D43C39CA9A87}.Release|Any CPU.Build.0 = Release|Any CPU
	EndGlobalSection
	GlobalSection(SolutionProperties) = preSolution
		HideSolutionNode = FALSE
	EndGlobalSection
	GlobalSection(NestedProjects) = preSolution
		{EC0DF866-4759-4193-A4C7-9F88831CF1C9} = {82F3C6DA-7958-4ACC-AA0E-5E3A211162F5}
		{979C815C-D3FC-459E-8DE2-8FE7DE47F58E} = {82F3C6DA-7958-4ACC-AA0E-5E3A211162F5}
		{D16566B0-CF10-4927-A73C-5C92E231B1DA} = {82F3C6DA-7958-4ACC-AA0E-5E3A211162F5}
		{370186D2-2BE6-4DA3-A079-D43C39CA9A87} = {82F3C6DA-7958-4ACC-AA0E-5E3A211162F5}
	EndGlobalSection
	GlobalSection(ExtensibilityGlobals) = postSolution
		SolutionGuid = {05F0864A-FAF3-4236-80EA-3856F893B234}
	EndGlobalSection
EndGlobal
